[[package]]
name = "core"
source = "path+from-root-0F7AE5E23B79F5C1"

[[package]]
name = "std"
source = "git+https://github.com/fuellabs/sway?tag=v0.65.1#3a9c171cd43611d7ccad94ab66a5093c6634717b"
dependencies = ["core"]

[[package]]
name = "verification-predicate"
source = "member"
dependencies = ["std"]
